// !$*UTF8*$!
{
	archiveVersion = 1;
	classes = {
	};
	objectVersion = 56;
	objects = {

/* Begin PBXBuildFile section */
		A541F5B42C91A91F00F60506 /* GoogleService-Info.plist in Resources */ = {isa = PBXBuildFile; fileRef = A541F5B32C91A91F00F60506 /* GoogleService-Info.plist */; };
		A541F5B82C91ADD100F60506 /* FirebaseAnalytics in Frameworks */ = {isa = PBXBuildFile; productRef = A541F5B72C91ADD100F60506 /* FirebaseAnalytics */; };
		A541F5BA2C91ADD100F60506 /* FirebaseAnalyticsOnDeviceConversion in Frameworks */ = {isa = PBXBuildFile; productRef = A541F5B92C91ADD100F60506 /* FirebaseAnalyticsOnDeviceConversion */; };
		A541F5BC2C91ADD100F60506 /* FirebaseAnalyticsSwift in Frameworks */ = {isa = PBXBuildFile; productRef = A541F5BB2C91ADD100F60506 /* FirebaseAnalyticsSwift */; };
		A541F5BE2C91ADD100F60506 /* FirebaseAnalyticsWithoutAdIdSupport in Frameworks */ = {isa = PBXBuildFile; productRef = A541F5BD2C91ADD100F60506 /* FirebaseAnalyticsWithoutAdIdSupport */; };
		A541F5C02C91ADD100F60506 /* FirebaseCrashlytics in Frameworks */ = {isa = PBXBuildFile; productRef = A541F5BF2C91ADD100F60506 /* FirebaseCrashlytics */; };
		A541F5C22C91ADD100F60506 /* FirebaseRemoteConfig in Frameworks */ = {isa = PBXBuildFile; productRef = A541F5C12C91ADD100F60506 /* FirebaseRemoteConfig */; };
		A541F5C42C91ADD100F60506 /* FirebaseRemoteConfigSwift in Frameworks */ = {isa = PBXBuildFile; productRef = A541F5C32C91ADD100F60506 /* FirebaseRemoteConfigSwift */; };
		A541F5C62C934D6A00F60506 /* AnalyticsManager.swift in Sources */ = {isa = PBXBuildFile; fileRef = A541F5C52C934D6A00F60506 /* AnalyticsManager.swift */; };
		A541F5C82C94855700F60506 /* RemoteConfigManager.swift in Sources */ = {isa = PBXBuildFile; fileRef = A541F5C72C94855700F60506 /* RemoteConfigManager.swift */; };
		A541F5CA2C98871000F60506 /* Extensions.swift in Sources */ = {isa = PBXBuildFile; fileRef = A541F5C92C98871000F60506 /* Extensions.swift */; };
		A56A60972CA3FB7B00872CAE /* VideoPlayerView.swift in Sources */ = {isa = PBXBuildFile; fileRef = A56A60962CA3FB7B00872CAE /* VideoPlayerView.swift */; };
		A56A60992CA44EE200872CAE /* VideoPlayerViewDelegate.swift in Sources */ = {isa = PBXBuildFile; fileRef = A56A60982CA44EE200872CAE /* VideoPlayerViewDelegate.swift */; };
		A56A60A22CAAA21900872CAE /* DebugViewController.swift in Sources */ = {isa = PBXBuildFile; fileRef = A56A60A12CAAA21900872CAE /* DebugViewController.swift */; };
		A56A60A52CAAA41400872CAE /* DebugConfigurator.swift in Sources */ = {isa = PBXBuildFile; fileRef = A56A60A42CAAA41400872CAE /* DebugConfigurator.swift */; };
		A56A60A72CAAA46600872CAE /* DebugPresenter.swift in Sources */ = {isa = PBXBuildFile; fileRef = A56A60A62CAAA46600872CAE /* DebugPresenter.swift */; };
		A56A60A92CAAA4CE00872CAE /* DebugOutputProtocol.swift in Sources */ = {isa = PBXBuildFile; fileRef = A56A60A82CAAA4CE00872CAE /* DebugOutputProtocol.swift */; };
		A56A60AB2CAAA54E00872CAE /* DebugViewInputProtocol.swift in Sources */ = {isa = PBXBuildFile; fileRef = A56A60AA2CAAA54E00872CAE /* DebugViewInputProtocol.swift */; };
		A56A60AD2CAAA5FE00872CAE /* DebugRouter.swift in Sources */ = {isa = PBXBuildFile; fileRef = A56A60AC2CAAA5FE00872CAE /* DebugRouter.swift */; };
		A56A60AF2CAAA62D00872CAE /* DebugRouterInputProtocol.swift in Sources */ = {isa = PBXBuildFile; fileRef = A56A60AE2CAAA62D00872CAE /* DebugRouterInputProtocol.swift */; };
		A56A60B62CAB202000872CAE /* FeatureTogglesViewController.swift in Sources */ = {isa = PBXBuildFile; fileRef = A56A60B52CAB202000872CAE /* FeatureTogglesViewController.swift */; };
		A5BCE3C62C85CEC6004BE4A8 /* AppDelegate.swift in Sources */ = {isa = PBXBuildFile; fileRef = A5BCE3C52C85CEC6004BE4A8 /* AppDelegate.swift */; };
		A5BCE3C82C85CEC6004BE4A8 /* SceneDelegate.swift in Sources */ = {isa = PBXBuildFile; fileRef = A5BCE3C72C85CEC6004BE4A8 /* SceneDelegate.swift */; };
		A5BCE3CA2C85CEC6004BE4A8 /* ListVideosViewController.swift in Sources */ = {isa = PBXBuildFile; fileRef = A5BCE3C92C85CEC6004BE4A8 /* ListVideosViewController.swift */; };
		A5BCE3CF2C85CECA004BE4A8 /* Assets.xcassets in Resources */ = {isa = PBXBuildFile; fileRef = A5BCE3CE2C85CECA004BE4A8 /* Assets.xcassets */; };
		A5BCE3D22C85CECA004BE4A8 /* LaunchScreen.storyboard in Resources */ = {isa = PBXBuildFile; fileRef = A5BCE3D02C85CECA004BE4A8 /* LaunchScreen.storyboard */; };
		A5BCE3E32C85FCD6004BE4A8 /* Video.swift in Sources */ = {isa = PBXBuildFile; fileRef = A5BCE3E22C85FCD6004BE4A8 /* Video.swift */; };
		A5BCE3E52C85FD3E004BE4A8 /* ListVideosPresenter.swift in Sources */ = {isa = PBXBuildFile; fileRef = A5BCE3E42C85FD3E004BE4A8 /* ListVideosPresenter.swift */; };
		A5BCE3E82C85FE09004BE4A8 /* ListVideosConfigurator.swift in Sources */ = {isa = PBXBuildFile; fileRef = A5BCE3E72C85FE09004BE4A8 /* ListVideosConfigurator.swift */; };
		A5BCE3EA2C85FEA5004BE4A8 /* ListVideosInteractor.swift in Sources */ = {isa = PBXBuildFile; fileRef = A5BCE3E92C85FEA5004BE4A8 /* ListVideosInteractor.swift */; };
		A5BCE3EC2C85FEF9004BE4A8 /* ListVideosRouter.swift in Sources */ = {isa = PBXBuildFile; fileRef = A5BCE3EB2C85FEF9004BE4A8 /* ListVideosRouter.swift */; };
		A5BCE3EE2C85FFE0004BE4A8 /* ListVideosViewInputProtocol.swift in Sources */ = {isa = PBXBuildFile; fileRef = A5BCE3ED2C85FFE0004BE4A8 /* ListVideosViewInputProtocol.swift */; };
		A5BCE3F02C86005B004BE4A8 /* ListVideosInteractorInputProtocol.swift in Sources */ = {isa = PBXBuildFile; fileRef = A5BCE3EF2C86005B004BE4A8 /* ListVideosInteractorInputProtocol.swift */; };
		A5BCE3F22C86012A004BE4A8 /* ListVideosOutputProtocol.swift in Sources */ = {isa = PBXBuildFile; fileRef = A5BCE3F12C86012A004BE4A8 /* ListVideosOutputProtocol.swift */; };
		A5BCE3F42C8601D4004BE4A8 /* ListVideosRouterInputProtocol.swift in Sources */ = {isa = PBXBuildFile; fileRef = A5BCE3F32C8601D4004BE4A8 /* ListVideosRouterInputProtocol.swift */; };
		A5BCE3F62C86096B004BE4A8 /* Constants.swift in Sources */ = {isa = PBXBuildFile; fileRef = A5BCE3F52C86096B004BE4A8 /* Constants.swift */; };
		A5BCE3F82C860A35004BE4A8 /* VideoApiManager.swift in Sources */ = {isa = PBXBuildFile; fileRef = A5BCE3F72C860A35004BE4A8 /* VideoApiManager.swift */; };
		A5BCE3FA2C870C45004BE4A8 /* VideoCell.swift in Sources */ = {isa = PBXBuildFile; fileRef = A5BCE3F92C870C45004BE4A8 /* VideoCell.swift */; };
		A5BCE3FC2C8713E5004BE4A8 /* ListVideosDataSource.swift in Sources */ = {isa = PBXBuildFile; fileRef = A5BCE3FB2C8713E5004BE4A8 /* ListVideosDataSource.swift */; };
		A5BCE3FE2C8715E4004BE4A8 /* ListVideosDelegate.swift in Sources */ = {isa = PBXBuildFile; fileRef = A5BCE3FD2C8715E4004BE4A8 /* ListVideosDelegate.swift */; };
		A5BCE4002C87442B004BE4A8 /* VideoThumbnailManager.swift in Sources */ = {isa = PBXBuildFile; fileRef = A5BCE3FF2C87442B004BE4A8 /* VideoThumbnailManager.swift */; };
		A5BCE4072C87723C004BE4A8 /* VideoPlayerViewController.swift in Sources */ = {isa = PBXBuildFile; fileRef = A5BCE4062C87723C004BE4A8 /* VideoPlayerViewController.swift */; };
		A5BCE4092C886F29004BE4A8 /* VideoPlayerInteractor.swift in Sources */ = {isa = PBXBuildFile; fileRef = A5BCE4082C886F29004BE4A8 /* VideoPlayerInteractor.swift */; };
		A5BCE40B2C886F5F004BE4A8 /* VideoPlayerPresenter.swift in Sources */ = {isa = PBXBuildFile; fileRef = A5BCE40A2C886F5F004BE4A8 /* VideoPlayerPresenter.swift */; };
		A5BCE40D2C886F92004BE4A8 /* VideoPlayerRouter.swift in Sources */ = {isa = PBXBuildFile; fileRef = A5BCE40C2C886F92004BE4A8 /* VideoPlayerRouter.swift */; };
		A5BCE40F2C886FB3004BE4A8 /* VideoPlayerConfigurator.swift in Sources */ = {isa = PBXBuildFile; fileRef = A5BCE40E2C886FB3004BE4A8 /* VideoPlayerConfigurator.swift */; };
		A5BCE4112C886FFD004BE4A8 /* VideoPlayerViewInputProtocol.swift in Sources */ = {isa = PBXBuildFile; fileRef = A5BCE4102C886FFD004BE4A8 /* VideoPlayerViewInputProtocol.swift */; };
		A5BCE4132C88706C004BE4A8 /* VideoPlayerInteractorInputProtocol.swift in Sources */ = {isa = PBXBuildFile; fileRef = A5BCE4122C88706C004BE4A8 /* VideoPlayerInteractorInputProtocol.swift */; };
		A5BCE4152C8870A3004BE4A8 /* VideoPlayerOutputProtocol.swift in Sources */ = {isa = PBXBuildFile; fileRef = A5BCE4142C8870A3004BE4A8 /* VideoPlayerOutputProtocol.swift */; };
		A5BCE4172C8870E5004BE4A8 /* VideoPlayerRouterInputProtocol.swift in Sources */ = {isa = PBXBuildFile; fileRef = A5BCE4162C8870E5004BE4A8 /* VideoPlayerRouterInputProtocol.swift */; };
/* End PBXBuildFile section */

/* Begin PBXFileReference section */
		A541F5B32C91A91F00F60506 /* GoogleService-Info.plist */ = {isa = PBXFileReference; fileEncoding = 4; lastKnownFileType = text.plist.xml; path = "GoogleService-Info.plist"; sourceTree = "<group>"; };
		A541F5C52C934D6A00F60506 /* AnalyticsManager.swift */ = {isa = PBXFileReference; lastKnownFileType = sourcecode.swift; path = AnalyticsManager.swift; sourceTree = "<group>"; };
		A541F5C72C94855700F60506 /* RemoteConfigManager.swift */ = {isa = PBXFileReference; lastKnownFileType = sourcecode.swift; path = RemoteConfigManager.swift; sourceTree = "<group>"; };
		A541F5C92C98871000F60506 /* Extensions.swift */ = {isa = PBXFileReference; lastKnownFileType = sourcecode.swift; path = Extensions.swift; sourceTree = "<group>"; };
		A56A60962CA3FB7B00872CAE /* VideoPlayerView.swift */ = {isa = PBXFileReference; lastKnownFileType = sourcecode.swift; path = VideoPlayerView.swift; sourceTree = "<group>"; };
		A56A60982CA44EE200872CAE /* VideoPlayerViewDelegate.swift */ = {isa = PBXFileReference; lastKnownFileType = sourcecode.swift; path = VideoPlayerViewDelegate.swift; sourceTree = "<group>"; };
		A56A60A12CAAA21900872CAE /* DebugViewController.swift */ = {isa = PBXFileReference; lastKnownFileType = sourcecode.swift; path = DebugViewController.swift; sourceTree = "<group>"; };
		A56A60A42CAAA41400872CAE /* DebugConfigurator.swift */ = {isa = PBXFileReference; lastKnownFileType = sourcecode.swift; path = DebugConfigurator.swift; sourceTree = "<group>"; };
		A56A60A62CAAA46600872CAE /* DebugPresenter.swift */ = {isa = PBXFileReference; lastKnownFileType = sourcecode.swift; path = DebugPresenter.swift; sourceTree = "<group>"; };
		A56A60A82CAAA4CE00872CAE /* DebugOutputProtocol.swift */ = {isa = PBXFileReference; lastKnownFileType = sourcecode.swift; path = DebugOutputProtocol.swift; sourceTree = "<group>"; };
		A56A60AA2CAAA54E00872CAE /* DebugViewInputProtocol.swift */ = {isa = PBXFileReference; lastKnownFileType = sourcecode.swift; path = DebugViewInputProtocol.swift; sourceTree = "<group>"; };
		A56A60AC2CAAA5FE00872CAE /* DebugRouter.swift */ = {isa = PBXFileReference; lastKnownFileType = sourcecode.swift; path = DebugRouter.swift; sourceTree = "<group>"; };
		A56A60AE2CAAA62D00872CAE /* DebugRouterInputProtocol.swift */ = {isa = PBXFileReference; lastKnownFileType = sourcecode.swift; path = DebugRouterInputProtocol.swift; sourceTree = "<group>"; };
		A56A60B52CAB202000872CAE /* FeatureTogglesViewController.swift */ = {isa = PBXFileReference; lastKnownFileType = sourcecode.swift; path = FeatureTogglesViewController.swift; sourceTree = "<group>"; };
		A5BCE3C22C85CEC6004BE4A8 /* videoGallery.app */ = {isa = PBXFileReference; explicitFileType = wrapper.application; includeInIndex = 0; path = videoGallery.app; sourceTree = BUILT_PRODUCTS_DIR; };
		A5BCE3C52C85CEC6004BE4A8 /* AppDelegate.swift */ = {isa = PBXFileReference; lastKnownFileType = sourcecode.swift; path = AppDelegate.swift; sourceTree = "<group>"; };
		A5BCE3C72C85CEC6004BE4A8 /* SceneDelegate.swift */ = {isa = PBXFileReference; lastKnownFileType = sourcecode.swift; path = SceneDelegate.swift; sourceTree = "<group>"; };
		A5BCE3C92C85CEC6004BE4A8 /* ListVideosViewController.swift */ = {isa = PBXFileReference; lastKnownFileType = sourcecode.swift; path = ListVideosViewController.swift; sourceTree = "<group>"; };
		A5BCE3CE2C85CECA004BE4A8 /* Assets.xcassets */ = {isa = PBXFileReference; lastKnownFileType = folder.assetcatalog; path = Assets.xcassets; sourceTree = "<group>"; };
		A5BCE3D12C85CECA004BE4A8 /* Base */ = {isa = PBXFileReference; lastKnownFileType = file.storyboard; name = Base; path = Base.lproj/LaunchScreen.storyboard; sourceTree = "<group>"; };
		A5BCE3D32C85CECA004BE4A8 /* Info.plist */ = {isa = PBXFileReference; lastKnownFileType = text.plist.xml; path = Info.plist; sourceTree = "<group>"; };
		A5BCE3E22C85FCD6004BE4A8 /* Video.swift */ = {isa = PBXFileReference; lastKnownFileType = sourcecode.swift; path = Video.swift; sourceTree = "<group>"; };
		A5BCE3E42C85FD3E004BE4A8 /* ListVideosPresenter.swift */ = {isa = PBXFileReference; lastKnownFileType = sourcecode.swift; path = ListVideosPresenter.swift; sourceTree = "<group>"; };
		A5BCE3E72C85FE09004BE4A8 /* ListVideosConfigurator.swift */ = {isa = PBXFileReference; lastKnownFileType = sourcecode.swift; path = ListVideosConfigurator.swift; sourceTree = "<group>"; };
		A5BCE3E92C85FEA5004BE4A8 /* ListVideosInteractor.swift */ = {isa = PBXFileReference; lastKnownFileType = sourcecode.swift; path = ListVideosInteractor.swift; sourceTree = "<group>"; };
		A5BCE3EB2C85FEF9004BE4A8 /* ListVideosRouter.swift */ = {isa = PBXFileReference; lastKnownFileType = sourcecode.swift; path = ListVideosRouter.swift; sourceTree = "<group>"; };
		A5BCE3ED2C85FFE0004BE4A8 /* ListVideosViewInputProtocol.swift */ = {isa = PBXFileReference; lastKnownFileType = sourcecode.swift; path = ListVideosViewInputProtocol.swift; sourceTree = "<group>"; };
		A5BCE3EF2C86005B004BE4A8 /* ListVideosInteractorInputProtocol.swift */ = {isa = PBXFileReference; lastKnownFileType = sourcecode.swift; path = ListVideosInteractorInputProtocol.swift; sourceTree = "<group>"; };
		A5BCE3F12C86012A004BE4A8 /* ListVideosOutputProtocol.swift */ = {isa = PBXFileReference; lastKnownFileType = sourcecode.swift; path = ListVideosOutputProtocol.swift; sourceTree = "<group>"; };
		A5BCE3F32C8601D4004BE4A8 /* ListVideosRouterInputProtocol.swift */ = {isa = PBXFileReference; lastKnownFileType = sourcecode.swift; path = ListVideosRouterInputProtocol.swift; sourceTree = "<group>"; };
		A5BCE3F52C86096B004BE4A8 /* Constants.swift */ = {isa = PBXFileReference; lastKnownFileType = sourcecode.swift; path = Constants.swift; sourceTree = "<group>"; };
		A5BCE3F72C860A35004BE4A8 /* VideoApiManager.swift */ = {isa = PBXFileReference; lastKnownFileType = sourcecode.swift; path = VideoApiManager.swift; sourceTree = "<group>"; };
		A5BCE3F92C870C45004BE4A8 /* VideoCell.swift */ = {isa = PBXFileReference; lastKnownFileType = sourcecode.swift; path = VideoCell.swift; sourceTree = "<group>"; };
		A5BCE3FB2C8713E5004BE4A8 /* ListVideosDataSource.swift */ = {isa = PBXFileReference; lastKnownFileType = sourcecode.swift; path = ListVideosDataSource.swift; sourceTree = "<group>"; };
		A5BCE3FD2C8715E4004BE4A8 /* ListVideosDelegate.swift */ = {isa = PBXFileReference; lastKnownFileType = sourcecode.swift; path = ListVideosDelegate.swift; sourceTree = "<group>"; };
		A5BCE3FF2C87442B004BE4A8 /* VideoThumbnailManager.swift */ = {isa = PBXFileReference; lastKnownFileType = sourcecode.swift; path = VideoThumbnailManager.swift; sourceTree = "<group>"; };
		A5BCE4062C87723C004BE4A8 /* VideoPlayerViewController.swift */ = {isa = PBXFileReference; lastKnownFileType = sourcecode.swift; path = VideoPlayerViewController.swift; sourceTree = "<group>"; };
		A5BCE4082C886F29004BE4A8 /* VideoPlayerInteractor.swift */ = {isa = PBXFileReference; lastKnownFileType = sourcecode.swift; path = VideoPlayerInteractor.swift; sourceTree = "<group>"; };
		A5BCE40A2C886F5F004BE4A8 /* VideoPlayerPresenter.swift */ = {isa = PBXFileReference; lastKnownFileType = sourcecode.swift; path = VideoPlayerPresenter.swift; sourceTree = "<group>"; };
		A5BCE40C2C886F92004BE4A8 /* VideoPlayerRouter.swift */ = {isa = PBXFileReference; lastKnownFileType = sourcecode.swift; path = VideoPlayerRouter.swift; sourceTree = "<group>"; };
		A5BCE40E2C886FB3004BE4A8 /* VideoPlayerConfigurator.swift */ = {isa = PBXFileReference; lastKnownFileType = sourcecode.swift; path = VideoPlayerConfigurator.swift; sourceTree = "<group>"; };
		A5BCE4102C886FFD004BE4A8 /* VideoPlayerViewInputProtocol.swift */ = {isa = PBXFileReference; lastKnownFileType = sourcecode.swift; path = VideoPlayerViewInputProtocol.swift; sourceTree = "<group>"; };
		A5BCE4122C88706C004BE4A8 /* VideoPlayerInteractorInputProtocol.swift */ = {isa = PBXFileReference; lastKnownFileType = sourcecode.swift; path = VideoPlayerInteractorInputProtocol.swift; sourceTree = "<group>"; };
		A5BCE4142C8870A3004BE4A8 /* VideoPlayerOutputProtocol.swift */ = {isa = PBXFileReference; lastKnownFileType = sourcecode.swift; path = VideoPlayerOutputProtocol.swift; sourceTree = "<group>"; };
		A5BCE4162C8870E5004BE4A8 /* VideoPlayerRouterInputProtocol.swift */ = {isa = PBXFileReference; lastKnownFileType = sourcecode.swift; path = VideoPlayerRouterInputProtocol.swift; sourceTree = "<group>"; };
/* End PBXFileReference section */

/* Begin PBXFrameworksBuildPhase section */
		A5BCE3BF2C85CEC6004BE4A8 /* Frameworks */ = {
			isa = PBXFrameworksBuildPhase;
			buildActionMask = 2147483647;
			files = (
				A541F5BC2C91ADD100F60506 /* FirebaseAnalyticsSwift in Frameworks */,
				A541F5B82C91ADD100F60506 /* FirebaseAnalytics in Frameworks */,
				A541F5C02C91ADD100F60506 /* FirebaseCrashlytics in Frameworks */,
				A541F5C42C91ADD100F60506 /* FirebaseRemoteConfigSwift in Frameworks */,
				A541F5C22C91ADD100F60506 /* FirebaseRemoteConfig in Frameworks */,
				A541F5BA2C91ADD100F60506 /* FirebaseAnalyticsOnDeviceConversion in Frameworks */,
				A541F5BE2C91ADD100F60506 /* FirebaseAnalyticsWithoutAdIdSupport in Frameworks */,
			);
			runOnlyForDeploymentPostprocessing = 0;
		};
/* End PBXFrameworksBuildPhase section */

/* Begin PBXGroup section */
		A56A609C2CAAA17100872CAE /* DebugPanelModule */ = {
			isa = PBXGroup;
			children = (
				A56A60A32CAAA2E900872CAE /* Configurator */,
				A56A60A02CAAA1AA00872CAE /* Router */,
				A56A609F2CAAA19100872CAE /* Presenter */,
				A56A609E2CAAA18900872CAE /* Interactor */,
				A56A609D2CAAA18100872CAE /* View */,
			);
			path = DebugPanelModule;
			sourceTree = "<group>";
		};
		A56A609D2CAAA18100872CAE /* View */ = {
			isa = PBXGroup;
			children = (
				A56A60A12CAAA21900872CAE /* DebugViewController.swift */,
				A56A60AA2CAAA54E00872CAE /* DebugViewInputProtocol.swift */,
			);
			path = View;
			sourceTree = "<group>";
		};
		A56A609E2CAAA18900872CAE /* Interactor */ = {
			isa = PBXGroup;
			children = (
			);
			path = Interactor;
			sourceTree = "<group>";
		};
		A56A609F2CAAA19100872CAE /* Presenter */ = {
			isa = PBXGroup;
			children = (
				A56A60A62CAAA46600872CAE /* DebugPresenter.swift */,
				A56A60A82CAAA4CE00872CAE /* DebugOutputProtocol.swift */,
			);
			path = Presenter;
			sourceTree = "<group>";
		};
		A56A60A02CAAA1AA00872CAE /* Router */ = {
			isa = PBXGroup;
			children = (
				A56A60AC2CAAA5FE00872CAE /* DebugRouter.swift */,
				A56A60AE2CAAA62D00872CAE /* DebugRouterInputProtocol.swift */,
			);
			path = Router;
			sourceTree = "<group>";
		};
		A56A60A32CAAA2E900872CAE /* Configurator */ = {
			isa = PBXGroup;
			children = (
				A56A60A42CAAA41400872CAE /* DebugConfigurator.swift */,
			);
			path = Configurator;
			sourceTree = "<group>";
		};
		A56A60B02CAB1A3E00872CAE /* FeatureTogglesModule */ = {
			isa = PBXGroup;
			children = (
				A56A60B42CAB200100872CAE /* View */,
			);
			path = FeatureTogglesModule;
			sourceTree = "<group>";
		};
		A56A60B12CAB1A6200872CAE /* CrashesModule */ = {
			isa = PBXGroup;
			children = (
			);
			path = CrashesModule;
			sourceTree = "<group>";
		};
		A56A60B22CAB1A7B00872CAE /* UnfatalErrorsModule */ = {
			isa = PBXGroup;
			children = (
			);
			path = UnfatalErrorsModule;
			sourceTree = "<group>";
		};
		A56A60B32CAB1ABF00872CAE /* LoggerModule */ = {
			isa = PBXGroup;
			children = (
			);
			path = LoggerModule;
			sourceTree = "<group>";
		};
		A56A60B42CAB200100872CAE /* View */ = {
			isa = PBXGroup;
			children = (
				A56A60B52CAB202000872CAE /* FeatureTogglesViewController.swift */,
			);
			path = View;
			sourceTree = "<group>";
		};
		A5BCE3B92C85CEC6004BE4A8 = {
			isa = PBXGroup;
			children = (
				A5BCE3C42C85CEC6004BE4A8 /* videoGallery */,
				A5BCE3C32C85CEC6004BE4A8 /* Products */,
			);
			sourceTree = "<group>";
		};
		A5BCE3C32C85CEC6004BE4A8 /* Products */ = {
			isa = PBXGroup;
			children = (
				A5BCE3C22C85CEC6004BE4A8 /* videoGallery.app */,
			);
			name = Products;
			sourceTree = "<group>";
		};
		A5BCE3C42C85CEC6004BE4A8 /* videoGallery */ = {
			isa = PBXGroup;
			children = (
				A56A60B32CAB1ABF00872CAE /* LoggerModule */,
				A56A60B22CAB1A7B00872CAE /* UnfatalErrorsModule */,
				A56A60B12CAB1A6200872CAE /* CrashesModule */,
				A56A60B02CAB1A3E00872CAE /* FeatureTogglesModule */,
				A56A609C2CAAA17100872CAE /* DebugPanelModule */,
				A5BCE3DC2C85DEB1004BE4A8 /* VideoPlayerModule */,
				A5BCE3DA2C85DE9E004BE4A8 /* ListVideosModule */,
				A5BCE3D92C85DCA4004BE4A8 /* Managers */,
				A5BCE3C52C85CEC6004BE4A8 /* AppDelegate.swift */,
				A5BCE3C72C85CEC6004BE4A8 /* SceneDelegate.swift */,
				A5BCE3CE2C85CECA004BE4A8 /* Assets.xcassets */,
				A5BCE3D02C85CECA004BE4A8 /* LaunchScreen.storyboard */,
				A5BCE3D32C85CECA004BE4A8 /* Info.plist */,
				A541F5B32C91A91F00F60506 /* GoogleService-Info.plist */,
				A5BCE3F52C86096B004BE4A8 /* Constants.swift */,
				A541F5C92C98871000F60506 /* Extensions.swift */,
			);
			path = videoGallery;
			sourceTree = "<group>";
		};
		A5BCE3D92C85DCA4004BE4A8 /* Managers */ = {
			isa = PBXGroup;
			children = (
				A5BCE3F72C860A35004BE4A8 /* VideoApiManager.swift */,
				A5BCE3FF2C87442B004BE4A8 /* VideoThumbnailManager.swift */,
				A541F5C52C934D6A00F60506 /* AnalyticsManager.swift */,
				A541F5C72C94855700F60506 /* RemoteConfigManager.swift */,
			);
			path = Managers;
			sourceTree = "<group>";
		};
		A5BCE3DA2C85DE9E004BE4A8 /* ListVideosModule */ = {
			isa = PBXGroup;
			children = (
				A5BCE3E62C85FD44004BE4A8 /* Configurator */,
				A5BCE3E12C85FC46004BE4A8 /* Router */,
				A5BCE3E02C85FC3E004BE4A8 /* Entity */,
				A5BCE3DF2C85FC2D004BE4A8 /* Presenter */,
				A5BCE3DE2C85FC22004BE4A8 /* Interactor */,
				A5BCE3DD2C85DFFF004BE4A8 /* View */,
				A5BCE3FB2C8713E5004BE4A8 /* ListVideosDataSource.swift */,
				A5BCE3FD2C8715E4004BE4A8 /* ListVideosDelegate.swift */,
			);
			path = ListVideosModule;
			sourceTree = "<group>";
		};
		A5BCE3DC2C85DEB1004BE4A8 /* VideoPlayerModule */ = {
			isa = PBXGroup;
			children = (
				A5BCE4052C877209004BE4A8 /* Configurator */,
				A5BCE4042C877202004BE4A8 /* Router */,
				A5BCE4032C8771FB004BE4A8 /* Presenter */,
				A5BCE4022C8771F3004BE4A8 /* Interactor */,
				A5BCE4012C8771E5004BE4A8 /* View */,
			);
			path = VideoPlayerModule;
			sourceTree = "<group>";
		};
		A5BCE3DD2C85DFFF004BE4A8 /* View */ = {
			isa = PBXGroup;
			children = (
				A5BCE3C92C85CEC6004BE4A8 /* ListVideosViewController.swift */,
				A5BCE3ED2C85FFE0004BE4A8 /* ListVideosViewInputProtocol.swift */,
				A5BCE3F92C870C45004BE4A8 /* VideoCell.swift */,
			);
			path = View;
			sourceTree = "<group>";
		};
		A5BCE3DE2C85FC22004BE4A8 /* Interactor */ = {
			isa = PBXGroup;
			children = (
				A5BCE3E92C85FEA5004BE4A8 /* ListVideosInteractor.swift */,
				A5BCE3EF2C86005B004BE4A8 /* ListVideosInteractorInputProtocol.swift */,
			);
			path = Interactor;
			sourceTree = "<group>";
		};
		A5BCE3DF2C85FC2D004BE4A8 /* Presenter */ = {
			isa = PBXGroup;
			children = (
				A5BCE3E42C85FD3E004BE4A8 /* ListVideosPresenter.swift */,
				A5BCE3F12C86012A004BE4A8 /* ListVideosOutputProtocol.swift */,
			);
			path = Presenter;
			sourceTree = "<group>";
		};
		A5BCE3E02C85FC3E004BE4A8 /* Entity */ = {
			isa = PBXGroup;
			children = (
				A5BCE3E22C85FCD6004BE4A8 /* Video.swift */,
			);
			path = Entity;
			sourceTree = "<group>";
		};
		A5BCE3E12C85FC46004BE4A8 /* Router */ = {
			isa = PBXGroup;
			children = (
				A5BCE3EB2C85FEF9004BE4A8 /* ListVideosRouter.swift */,
				A5BCE3F32C8601D4004BE4A8 /* ListVideosRouterInputProtocol.swift */,
			);
			path = Router;
			sourceTree = "<group>";
		};
		A5BCE3E62C85FD44004BE4A8 /* Configurator */ = {
			isa = PBXGroup;
			children = (
				A5BCE3E72C85FE09004BE4A8 /* ListVideosConfigurator.swift */,
			);
			path = Configurator;
			sourceTree = "<group>";
		};
		A5BCE4012C8771E5004BE4A8 /* View */ = {
			isa = PBXGroup;
			children = (
				A5BCE4062C87723C004BE4A8 /* VideoPlayerViewController.swift */,
				A56A60962CA3FB7B00872CAE /* VideoPlayerView.swift */,
				A56A60982CA44EE200872CAE /* VideoPlayerViewDelegate.swift */,
				A5BCE4102C886FFD004BE4A8 /* VideoPlayerViewInputProtocol.swift */,
			);
			path = View;
			sourceTree = "<group>";
		};
		A5BCE4022C8771F3004BE4A8 /* Interactor */ = {
			isa = PBXGroup;
			children = (
				A5BCE4082C886F29004BE4A8 /* VideoPlayerInteractor.swift */,
				A5BCE4122C88706C004BE4A8 /* VideoPlayerInteractorInputProtocol.swift */,
			);
			path = Interactor;
			sourceTree = "<group>";
		};
		A5BCE4032C8771FB004BE4A8 /* Presenter */ = {
			isa = PBXGroup;
			children = (
				A5BCE40A2C886F5F004BE4A8 /* VideoPlayerPresenter.swift */,
				A5BCE4142C8870A3004BE4A8 /* VideoPlayerOutputProtocol.swift */,
			);
			path = Presenter;
			sourceTree = "<group>";
		};
		A5BCE4042C877202004BE4A8 /* Router */ = {
			isa = PBXGroup;
			children = (
				A5BCE40C2C886F92004BE4A8 /* VideoPlayerRouter.swift */,
				A5BCE4162C8870E5004BE4A8 /* VideoPlayerRouterInputProtocol.swift */,
			);
			path = Router;
			sourceTree = "<group>";
		};
		A5BCE4052C877209004BE4A8 /* Configurator */ = {
			isa = PBXGroup;
			children = (
				A5BCE40E2C886FB3004BE4A8 /* VideoPlayerConfigurator.swift */,
			);
			path = Configurator;
			sourceTree = "<group>";
		};
/* End PBXGroup section */

/* Begin PBXNativeTarget section */
		A5BCE3C12C85CEC6004BE4A8 /* videoGallery */ = {
			isa = PBXNativeTarget;
			buildConfigurationList = A5BCE3D62C85CECA004BE4A8 /* Build configuration list for PBXNativeTarget "videoGallery" */;
			buildPhases = (
				A5BCE3BE2C85CEC6004BE4A8 /* Sources */,
				A5BCE3BF2C85CEC6004BE4A8 /* Frameworks */,
				A5BCE3C02C85CEC6004BE4A8 /* Resources */,
				A541F5CB2C999D0F00F60506 /* ShellScript */,
			);
			buildRules = (
			);
			dependencies = (
			);
			name = videoGallery;
			packageProductDependencies = (
				A541F5B72C91ADD100F60506 /* FirebaseAnalytics */,
				A541F5B92C91ADD100F60506 /* FirebaseAnalyticsOnDeviceConversion */,
				A541F5BB2C91ADD100F60506 /* FirebaseAnalyticsSwift */,
				A541F5BD2C91ADD100F60506 /* FirebaseAnalyticsWithoutAdIdSupport */,
				A541F5BF2C91ADD100F60506 /* FirebaseCrashlytics */,
				A541F5C12C91ADD100F60506 /* FirebaseRemoteConfig */,
				A541F5C32C91ADD100F60506 /* FirebaseRemoteConfigSwift */,
			);
			productName = videoGallery;
			productReference = A5BCE3C22C85CEC6004BE4A8 /* videoGallery.app */;
			productType = "com.apple.product-type.application";
		};
/* End PBXNativeTarget section */

/* Begin PBXProject section */
		A5BCE3BA2C85CEC6004BE4A8 /* Project object */ = {
			isa = PBXProject;
			attributes = {
				BuildIndependentTargetsInParallel = 1;
				LastSwiftUpdateCheck = 1430;
				LastUpgradeCheck = 1430;
				TargetAttributes = {
					A5BCE3C12C85CEC6004BE4A8 = {
						CreatedOnToolsVersion = 14.3;
					};
				};
			};
			buildConfigurationList = A5BCE3BD2C85CEC6004BE4A8 /* Build configuration list for PBXProject "videoGallery" */;
			compatibilityVersion = "Xcode 14.0";
			developmentRegion = en;
			hasScannedForEncodings = 0;
			knownRegions = (
				en,
				Base,
			);
			mainGroup = A5BCE3B92C85CEC6004BE4A8;
			packageReferences = (
				A541F5B62C91ADD100F60506 /* XCRemoteSwiftPackageReference "firebase-ios-sdk" */,
			);
			productRefGroup = A5BCE3C32C85CEC6004BE4A8 /* Products */;
			projectDirPath = "";
			projectRoot = "";
			targets = (
				A5BCE3C12C85CEC6004BE4A8 /* videoGallery */,
			);
		};
/* End PBXProject section */

/* Begin PBXResourcesBuildPhase section */
		A5BCE3C02C85CEC6004BE4A8 /* Resources */ = {
			isa = PBXResourcesBuildPhase;
			buildActionMask = 2147483647;
			files = (
				A5BCE3D22C85CECA004BE4A8 /* LaunchScreen.storyboard in Resources */,
				A5BCE3CF2C85CECA004BE4A8 /* Assets.xcassets in Resources */,
				A541F5B42C91A91F00F60506 /* GoogleService-Info.plist in Resources */,
			);
			runOnlyForDeploymentPostprocessing = 0;
		};
/* End PBXResourcesBuildPhase section */

/* Begin PBXShellScriptBuildPhase section */
		A541F5CB2C999D0F00F60506 /* ShellScript */ = {
			isa = PBXShellScriptBuildPhase;
			alwaysOutOfDate = 1;
			buildActionMask = 2147483647;
			files = (
			);
			inputFileListPaths = (
			);
			inputPaths = (
				"${DWARF_DSYM_FOLDER_PATH}/${DWARF_DSYM_FILE_NAME}",
				"${DWARF_DSYM_FOLDER_PATH}/${DWARF_DSYM_FILE_NAME}/Contents/Resources/DWARF/${PRODUCT_NAME}",
				"${DWARF_DSYM_FOLDER_PATH}/${DWARF_DSYM_FILE_NAME}/Contents/Info.plist",
				"$(TARGET_BUILD_DIR)/$(UNLOCALIZED_RESOURCES_FOLDER_PATH)/GoogleService-Info.plist",
				"$(TARGET_BUILD_DIR)/$(EXECUTABLE_PATH)",
			);
			outputFileListPaths = (
			);
			outputPaths = (
			);
			runOnlyForDeploymentPostprocessing = 0;
			shellPath = /bin/sh;
			shellScript = "\"${BUILD_DIR%/Build/*}/SourcePackages/checkouts/firebase-ios-sdk/Crashlytics/run\"\n";
		};
/* End PBXShellScriptBuildPhase section */

/* Begin PBXSourcesBuildPhase section */
		A5BCE3BE2C85CEC6004BE4A8 /* Sources */ = {
			isa = PBXSourcesBuildPhase;
			buildActionMask = 2147483647;
			files = (
				A5BCE4072C87723C004BE4A8 /* VideoPlayerViewController.swift in Sources */,
				A56A60AB2CAAA54E00872CAE /* DebugViewInputProtocol.swift in Sources */,
				A5BCE3F82C860A35004BE4A8 /* VideoApiManager.swift in Sources */,
				A5BCE3F22C86012A004BE4A8 /* ListVideosOutputProtocol.swift in Sources */,
				A5BCE3EE2C85FFE0004BE4A8 /* ListVideosViewInputProtocol.swift in Sources */,
				A5BCE3EC2C85FEF9004BE4A8 /* ListVideosRouter.swift in Sources */,
				A5BCE3CA2C85CEC6004BE4A8 /* ListVideosViewController.swift in Sources */,
				A5BCE4132C88706C004BE4A8 /* VideoPlayerInteractorInputProtocol.swift in Sources */,
				A5BCE4112C886FFD004BE4A8 /* VideoPlayerViewInputProtocol.swift in Sources */,
				A541F5C62C934D6A00F60506 /* AnalyticsManager.swift in Sources */,
				A56A60972CA3FB7B00872CAE /* VideoPlayerView.swift in Sources */,
				A5BCE40F2C886FB3004BE4A8 /* VideoPlayerConfigurator.swift in Sources */,
				A56A60A52CAAA41400872CAE /* DebugConfigurator.swift in Sources */,
				A5BCE3FA2C870C45004BE4A8 /* VideoCell.swift in Sources */,
				A541F5C82C94855700F60506 /* RemoteConfigManager.swift in Sources */,
				A5BCE4002C87442B004BE4A8 /* VideoThumbnailManager.swift in Sources */,
				A5BCE3FC2C8713E5004BE4A8 /* ListVideosDataSource.swift in Sources */,
				A56A60B62CAB202000872CAE /* FeatureTogglesViewController.swift in Sources */,
				A5BCE4172C8870E5004BE4A8 /* VideoPlayerRouterInputProtocol.swift in Sources */,
				A5BCE3FE2C8715E4004BE4A8 /* ListVideosDelegate.swift in Sources */,
				A5BCE3E32C85FCD6004BE4A8 /* Video.swift in Sources */,
				A56A60A92CAAA4CE00872CAE /* DebugOutputProtocol.swift in Sources */,
				A56A60992CA44EE200872CAE /* VideoPlayerViewDelegate.swift in Sources */,
				A5BCE3E82C85FE09004BE4A8 /* ListVideosConfigurator.swift in Sources */,
				A5BCE3EA2C85FEA5004BE4A8 /* ListVideosInteractor.swift in Sources */,
				A5BCE4092C886F29004BE4A8 /* VideoPlayerInteractor.swift in Sources */,
				A5BCE3F62C86096B004BE4A8 /* Constants.swift in Sources */,
				A56A60AD2CAAA5FE00872CAE /* DebugRouter.swift in Sources */,
				A5BCE3F42C8601D4004BE4A8 /* ListVideosRouterInputProtocol.swift in Sources */,
				A56A60A22CAAA21900872CAE /* DebugViewController.swift in Sources */,
				A5BCE3C62C85CEC6004BE4A8 /* AppDelegate.swift in Sources */,
				A5BCE3F02C86005B004BE4A8 /* ListVideosInteractorInputProtocol.swift in Sources */,
				A5BCE3C82C85CEC6004BE4A8 /* SceneDelegate.swift in Sources */,
				A541F5CA2C98871000F60506 /* Extensions.swift in Sources */,
				A56A60A72CAAA46600872CAE /* DebugPresenter.swift in Sources */,
				A56A60AF2CAAA62D00872CAE /* DebugRouterInputProtocol.swift in Sources */,
				A5BCE3E52C85FD3E004BE4A8 /* ListVideosPresenter.swift in Sources */,
				A5BCE4152C8870A3004BE4A8 /* VideoPlayerOutputProtocol.swift in Sources */,
				A5BCE40B2C886F5F004BE4A8 /* VideoPlayerPresenter.swift in Sources */,
				A5BCE40D2C886F92004BE4A8 /* VideoPlayerRouter.swift in Sources */,
			);
			runOnlyForDeploymentPostprocessing = 0;
		};
/* End PBXSourcesBuildPhase section */

/* Begin PBXVariantGroup section */
		A5BCE3D02C85CECA004BE4A8 /* LaunchScreen.storyboard */ = {
			isa = PBXVariantGroup;
			children = (
				A5BCE3D12C85CECA004BE4A8 /* Base */,
			);
			name = LaunchScreen.storyboard;
			sourceTree = "<group>";
		};
/* End PBXVariantGroup section */

/* Begin XCBuildConfiguration section */
		A5BCE3D42C85CECA004BE4A8 /* Debug */ = {
			isa = XCBuildConfiguration;
			buildSettings = {
				ALWAYS_SEARCH_USER_PATHS = NO;
				CLANG_ANALYZER_NONNULL = YES;
				CLANG_ANALYZER_NUMBER_OBJECT_CONVERSION = YES_AGGRESSIVE;
				CLANG_CXX_LANGUAGE_STANDARD = "gnu++20";
				CLANG_ENABLE_MODULES = YES;
				CLANG_ENABLE_OBJC_ARC = YES;
				CLANG_ENABLE_OBJC_WEAK = YES;
				CLANG_WARN_BLOCK_CAPTURE_AUTORELEASING = YES;
				CLANG_WARN_BOOL_CONVERSION = YES;
				CLANG_WARN_COMMA = YES;
				CLANG_WARN_CONSTANT_CONVERSION = YES;
				CLANG_WARN_DEPRECATED_OBJC_IMPLEMENTATIONS = YES;
				CLANG_WARN_DIRECT_OBJC_ISA_USAGE = YES_ERROR;
				CLANG_WARN_DOCUMENTATION_COMMENTS = YES;
				CLANG_WARN_EMPTY_BODY = YES;
				CLANG_WARN_ENUM_CONVERSION = YES;
				CLANG_WARN_INFINITE_RECURSION = YES;
				CLANG_WARN_INT_CONVERSION = YES;
				CLANG_WARN_NON_LITERAL_NULL_CONVERSION = YES;
				CLANG_WARN_OBJC_IMPLICIT_RETAIN_SELF = YES;
				CLANG_WARN_OBJC_LITERAL_CONVERSION = YES;
				CLANG_WARN_OBJC_ROOT_CLASS = YES_ERROR;
				CLANG_WARN_QUOTED_INCLUDE_IN_FRAMEWORK_HEADER = YES;
				CLANG_WARN_RANGE_LOOP_ANALYSIS = YES;
				CLANG_WARN_STRICT_PROTOTYPES = YES;
				CLANG_WARN_SUSPICIOUS_MOVE = YES;
				CLANG_WARN_UNGUARDED_AVAILABILITY = YES_AGGRESSIVE;
				CLANG_WARN_UNREACHABLE_CODE = YES;
				CLANG_WARN__DUPLICATE_METHOD_MATCH = YES;
				COPY_PHASE_STRIP = NO;
				DEBUG_INFORMATION_FORMAT = dwarf;
				ENABLE_STRICT_OBJC_MSGSEND = YES;
				ENABLE_TESTABILITY = YES;
				GCC_C_LANGUAGE_STANDARD = gnu11;
				GCC_DYNAMIC_NO_PIC = NO;
				GCC_NO_COMMON_BLOCKS = YES;
				GCC_OPTIMIZATION_LEVEL = 0;
				GCC_PREPROCESSOR_DEFINITIONS = (
					"DEBUG=1",
					"$(inherited)",
				);
				GCC_WARN_64_TO_32_BIT_CONVERSION = YES;
				GCC_WARN_ABOUT_RETURN_TYPE = YES_ERROR;
				GCC_WARN_UNDECLARED_SELECTOR = YES;
				GCC_WARN_UNINITIALIZED_AUTOS = YES_AGGRESSIVE;
				GCC_WARN_UNUSED_FUNCTION = YES;
				GCC_WARN_UNUSED_VARIABLE = YES;
				IPHONEOS_DEPLOYMENT_TARGET = 14.1;
				MTL_ENABLE_DEBUG_INFO = INCLUDE_SOURCE;
				MTL_FAST_MATH = YES;
				ONLY_ACTIVE_ARCH = YES;
				SDKROOT = iphoneos;
				SWIFT_ACTIVE_COMPILATION_CONDITIONS = DEBUG;
				SWIFT_OPTIMIZATION_LEVEL = "-Onone";
			};
			name = Debug;
		};
		A5BCE3D52C85CECA004BE4A8 /* Release */ = {
			isa = XCBuildConfiguration;
			buildSettings = {
				ALWAYS_SEARCH_USER_PATHS = NO;
				CLANG_ANALYZER_NONNULL = YES;
				CLANG_ANALYZER_NUMBER_OBJECT_CONVERSION = YES_AGGRESSIVE;
				CLANG_CXX_LANGUAGE_STANDARD = "gnu++20";
				CLANG_ENABLE_MODULES = YES;
				CLANG_ENABLE_OBJC_ARC = YES;
				CLANG_ENABLE_OBJC_WEAK = YES;
				CLANG_WARN_BLOCK_CAPTURE_AUTORELEASING = YES;
				CLANG_WARN_BOOL_CONVERSION = YES;
				CLANG_WARN_COMMA = YES;
				CLANG_WARN_CONSTANT_CONVERSION = YES;
				CLANG_WARN_DEPRECATED_OBJC_IMPLEMENTATIONS = YES;
				CLANG_WARN_DIRECT_OBJC_ISA_USAGE = YES_ERROR;
				CLANG_WARN_DOCUMENTATION_COMMENTS = YES;
				CLANG_WARN_EMPTY_BODY = YES;
				CLANG_WARN_ENUM_CONVERSION = YES;
				CLANG_WARN_INFINITE_RECURSION = YES;
				CLANG_WARN_INT_CONVERSION = YES;
				CLANG_WARN_NON_LITERAL_NULL_CONVERSION = YES;
				CLANG_WARN_OBJC_IMPLICIT_RETAIN_SELF = YES;
				CLANG_WARN_OBJC_LITERAL_CONVERSION = YES;
				CLANG_WARN_OBJC_ROOT_CLASS = YES_ERROR;
				CLANG_WARN_QUOTED_INCLUDE_IN_FRAMEWORK_HEADER = YES;
				CLANG_WARN_RANGE_LOOP_ANALYSIS = YES;
				CLANG_WARN_STRICT_PROTOTYPES = YES;
				CLANG_WARN_SUSPICIOUS_MOVE = YES;
				CLANG_WARN_UNGUARDED_AVAILABILITY = YES_AGGRESSIVE;
				CLANG_WARN_UNREACHABLE_CODE = YES;
				CLANG_WARN__DUPLICATE_METHOD_MATCH = YES;
				COPY_PHASE_STRIP = NO;
				DEBUG_INFORMATION_FORMAT = "dwarf-with-dsym";
				ENABLE_NS_ASSERTIONS = NO;
				ENABLE_STRICT_OBJC_MSGSEND = YES;
				GCC_C_LANGUAGE_STANDARD = gnu11;
				GCC_NO_COMMON_BLOCKS = YES;
				GCC_WARN_64_TO_32_BIT_CONVERSION = YES;
				GCC_WARN_ABOUT_RETURN_TYPE = YES_ERROR;
				GCC_WARN_UNDECLARED_SELECTOR = YES;
				GCC_WARN_UNINITIALIZED_AUTOS = YES_AGGRESSIVE;
				GCC_WARN_UNUSED_FUNCTION = YES;
				GCC_WARN_UNUSED_VARIABLE = YES;
				IPHONEOS_DEPLOYMENT_TARGET = 14.1;
				MTL_ENABLE_DEBUG_INFO = NO;
				MTL_FAST_MATH = YES;
				SDKROOT = iphoneos;
				SWIFT_COMPILATION_MODE = wholemodule;
				SWIFT_OPTIMIZATION_LEVEL = "-O";
				VALIDATE_PRODUCT = YES;
			};
			name = Release;
		};
		A5BCE3D72C85CECA004BE4A8 /* Debug */ = {
			isa = XCBuildConfiguration;
			buildSettings = {
				ASSETCATALOG_COMPILER_APPICON_NAME = AppIcon;
				ASSETCATALOG_COMPILER_GLOBAL_ACCENT_COLOR_NAME = AccentColor;
				CODE_SIGN_STYLE = Automatic;
				CURRENT_PROJECT_VERSION = 1;
				DEBUG_INFORMATION_FORMAT = "dwarf-with-dsym";
				DEVELOPMENT_TEAM = BMA5QWL5H6;
				GENERATE_INFOPLIST_FILE = YES;
				INFOPLIST_FILE = videoGallery/Info.plist;
				INFOPLIST_KEY_UIApplicationSupportsIndirectInputEvents = YES;
				INFOPLIST_KEY_UILaunchStoryboardName = LaunchScreen;
				INFOPLIST_KEY_UISupportedInterfaceOrientations_iPad = "UIInterfaceOrientationPortrait UIInterfaceOrientationPortraitUpsideDown UIInterfaceOrientationLandscapeLeft UIInterfaceOrientationLandscapeRight";
				INFOPLIST_KEY_UISupportedInterfaceOrientations_iPhone = "UIInterfaceOrientationPortrait UIInterfaceOrientationLandscapeLeft UIInterfaceOrientationLandscapeRight";
				LD_RUNPATH_SEARCH_PATHS = (
					"$(inherited)",
					"@executable_path/Frameworks",
				);
				MARKETING_VERSION = 1.0;
				PRODUCT_BUNDLE_IDENTIFIER = kkg.videoGallery;
				PRODUCT_NAME = "$(TARGET_NAME)";
				SWIFT_EMIT_LOC_STRINGS = YES;
				SWIFT_VERSION = 5.0;
				TARGETED_DEVICE_FAMILY = "1,2";
			};
			name = Debug;
		};
		A5BCE3D82C85CECA004BE4A8 /* Release */ = {
			isa = XCBuildConfiguration;
			buildSettings = {
				ASSETCATALOG_COMPILER_APPICON_NAME = AppIcon;
				ASSETCATALOG_COMPILER_GLOBAL_ACCENT_COLOR_NAME = AccentColor;
				CODE_SIGN_STYLE = Automatic;
				CURRENT_PROJECT_VERSION = 1;
				DEVELOPMENT_TEAM = BMA5QWL5H6;
				GENERATE_INFOPLIST_FILE = YES;
				INFOPLIST_FILE = videoGallery/Info.plist;
				INFOPLIST_KEY_UIApplicationSupportsIndirectInputEvents = YES;
				INFOPLIST_KEY_UILaunchStoryboardName = LaunchScreen;
				INFOPLIST_KEY_UISupportedInterfaceOrientations_iPad = "UIInterfaceOrientationPortrait UIInterfaceOrientationPortraitUpsideDown UIInterfaceOrientationLandscapeLeft UIInterfaceOrientationLandscapeRight";
				INFOPLIST_KEY_UISupportedInterfaceOrientations_iPhone = "UIInterfaceOrientationPortrait UIInterfaceOrientationLandscapeLeft UIInterfaceOrientationLandscapeRight";
				LD_RUNPATH_SEARCH_PATHS = (
					"$(inherited)",
					"@executable_path/Frameworks",
				);
				MARKETING_VERSION = 1.0;
				PRODUCT_BUNDLE_IDENTIFIER = kkg.videoGallery;
				PRODUCT_NAME = "$(TARGET_NAME)";
				SWIFT_EMIT_LOC_STRINGS = YES;
				SWIFT_VERSION = 5.0;
				TARGETED_DEVICE_FAMILY = "1,2";
			};
			name = Release;
		};
/* End XCBuildConfiguration section */

/* Begin XCConfigurationList section */
		A5BCE3BD2C85CEC6004BE4A8 /* Build configuration list for PBXProject "videoGallery" */ = {
			isa = XCConfigurationList;
			buildConfigurations = (
				A5BCE3D42C85CECA004BE4A8 /* Debug */,
				A5BCE3D52C85CECA004BE4A8 /* Release */,
			);
			defaultConfigurationIsVisible = 0;
			defaultConfigurationName = Release;
		};
		A5BCE3D62C85CECA004BE4A8 /* Build configuration list for PBXNativeTarget "videoGallery" */ = {
			isa = XCConfigurationList;
			buildConfigurations = (
				A5BCE3D72C85CECA004BE4A8 /* Debug */,
				A5BCE3D82C85CECA004BE4A8 /* Release */,
			);
			defaultConfigurationIsVisible = 0;
			defaultConfigurationName = Release;
		};
/* End XCConfigurationList section */

/* Begin XCRemoteSwiftPackageReference section */
		A541F5B62C91ADD100F60506 /* XCRemoteSwiftPackageReference "firebase-ios-sdk" */ = {
			isa = XCRemoteSwiftPackageReference;
			repositoryURL = "https://github.com/firebase/firebase-ios-sdk";
			requirement = {
				kind = upToNextMajorVersion;
				minimumVersion = 10.9.0;
			};
		};
/* End XCRemoteSwiftPackageReference section */

/* Begin XCSwiftPackageProductDependency section */
		A541F5B72C91ADD100F60506 /* FirebaseAnalytics */ = {
			isa = XCSwiftPackageProductDependency;
			package = A541F5B62C91ADD100F60506 /* XCRemoteSwiftPackageReference "firebase-ios-sdk" */;
			productName = FirebaseAnalytics;
		};
		A541F5B92C91ADD100F60506 /* FirebaseAnalyticsOnDeviceConversion */ = {
			isa = XCSwiftPackageProductDependency;
			package = A541F5B62C91ADD100F60506 /* XCRemoteSwiftPackageReference "firebase-ios-sdk" */;
			productName = FirebaseAnalyticsOnDeviceConversion;
		};
		A541F5BB2C91ADD100F60506 /* FirebaseAnalyticsSwift */ = {
			isa = XCSwiftPackageProductDependency;
			package = A541F5B62C91ADD100F60506 /* XCRemoteSwiftPackageReference "firebase-ios-sdk" */;
			productName = FirebaseAnalyticsSwift;
		};
		A541F5BD2C91ADD100F60506 /* FirebaseAnalyticsWithoutAdIdSupport */ = {
			isa = XCSwiftPackageProductDependency;
			package = A541F5B62C91ADD100F60506 /* XCRemoteSwiftPackageReference "firebase-ios-sdk" */;
			productName = FirebaseAnalyticsWithoutAdIdSupport;
		};
		A541F5BF2C91ADD100F60506 /* FirebaseCrashlytics */ = {
			isa = XCSwiftPackageProductDependency;
			package = A541F5B62C91ADD100F60506 /* XCRemoteSwiftPackageReference "firebase-ios-sdk" */;
			productName = FirebaseCrashlytics;
		};
		A541F5C12C91ADD100F60506 /* FirebaseRemoteConfig */ = {
			isa = XCSwiftPackageProductDependency;
			package = A541F5B62C91ADD100F60506 /* XCRemoteSwiftPackageReference "firebase-ios-sdk" */;
			productName = FirebaseRemoteConfig;
		};
		A541F5C32C91ADD100F60506 /* FirebaseRemoteConfigSwift */ = {
			isa = XCSwiftPackageProductDependency;
			package = A541F5B62C91ADD100F60506 /* XCRemoteSwiftPackageReference "firebase-ios-sdk" */;
			productName = FirebaseRemoteConfigSwift;
		};
/* End XCSwiftPackageProductDependency section */
	};
	rootObject = A5BCE3BA2C85CEC6004BE4A8 /* Project object */;
}
